
Microsoft Visual Studio Solution File, Format Version 12.00
# Visual Studio Version 17
VisualStudioVersion = 17.0.32112.339
MinimumVisualStudioVersion = 10.0.40219.1
Project("{FAE04EC0-301F-11D3-BF4B-00C04F79EFBC}") = "BC.Api", "BC.Api\BC.Api.csproj", "{B3116C0B-DB08-4EEB-8D02-BE330567F37E}"
EndProject
Global
	GlobalSection(SolutionConfigurationPlatforms) = preSolution
		Debug|Any CPU = Debug|Any CPU
		Release|Any CPU = Release|Any CPU
	EndGlobalSection
	GlobalSection(ProjectConfigurationPlatforms) = postSolution
		{B3116C0B-DB08-4EEB-8D02-BE330567F37E}.Debug|Any CPU.ActiveCfg = Debug|Any CPU
		{B3116C0B-DB08-4EEB-8D02-BE330567F37E}.Debug|Any CPU.Build.0 = Debug|Any CPU
		{B3116C0B-DB08-4EEB-8D02-BE330567F37E}.Release|Any CPU.ActiveCfg = Release|Any CPU
		{B3116C0B-DB08-4EEB-8D02-BE330567F37E}.Release|Any CPU.Build.0 = Release|Any CPU
	EndGlobalSection
	GlobalSection(SolutionProperties) = preSolution
		HideSolutionNode = FALSE
	EndGlobalSection
	GlobalSection(ExtensibilityGlobals) = postSolution
		SolutionGuid = {A72CA4C7-CBCA-4D11-ADB8-9C2A02BF875F}
	EndGlobalSection
EndGlobal
